// !$*UTF8*$!
{
	archiveVersion = 1;
	classes = {
	};
	objectVersion = 56;
	objects = {

/* Begin PBXBuildFile section */
		F16797992C4ED53A0060284E /* DDROPPApp.swift in Sources */ = {isa = PBXBuildFile; fileRef = F16797982C4ED53A0060284E /* DDROPPApp.swift */; };
		F167979B2C4ED53A0060284E /* DropView.swift in Sources */ = {isa = PBXBuildFile; fileRef = F167979A2C4ED53A0060284E /* DropView.swift */; };
		F167979D2C4ED53B0060284E /* Assets.xcassets in Resources */ = {isa = PBXBuildFile; fileRef = F167979C2C4ED53B0060284E /* Assets.xcassets */; };
		F16797A02C4ED53B0060284E /* Preview Assets.xcassets in Resources */ = {isa = PBXBuildFile; fileRef = F167979F2C4ED53B0060284E /* Preview Assets.xcassets */; };
		F16797AA2C4ED53B0060284E /* DDROPPTests.swift in Sources */ = {isa = PBXBuildFile; fileRef = F16797A92C4ED53B0060284E /* DDROPPTests.swift */; };
		F1D32A972C4EDAD0001811F3 /* RightGrotesk-NarrowLight.otf in Resources */ = {isa = PBXBuildFile; fileRef = F1D32A902C4EDAD0001811F3 /* RightGrotesk-NarrowLight.otf */; };
		F1D32A982C4EDAD0001811F3 /* RightGrotesk-CompactBlack.otf in Resources */ = {isa = PBXBuildFile; fileRef = F1D32A912C4EDAD0001811F3 /* RightGrotesk-CompactBlack.otf */; };
		F1D32A992C4EDAD0001811F3 /* RightGrotesk-Medium.otf in Resources */ = {isa = PBXBuildFile; fileRef = F1D32A922C4EDAD0001811F3 /* RightGrotesk-Medium.otf */; };
		F1D32A9A2C4EDAD0001811F3 /* RightGrotesk-TallFine.otf in Resources */ = {isa = PBXBuildFile; fileRef = F1D32A932C4EDAD0001811F3 /* RightGrotesk-TallFine.otf */; };
		F1D32A9B2C4EDAD0001811F3 /* RightGrotesk-SpatialBlack.otf in Resources */ = {isa = PBXBuildFile; fileRef = F1D32A942C4EDAD0001811F3 /* RightGrotesk-SpatialBlack.otf */; };
		F1D32A9C2C4EDAD0001811F3 /* RightGrotesk-TightMedium.otf in Resources */ = {isa = PBXBuildFile; fileRef = F1D32A952C4EDAD0001811F3 /* RightGrotesk-TightMedium.otf */; };
		F1D32A9D2C4EDAD0001811F3 /* RightGrotesk-WideMedium.otf in Resources */ = {isa = PBXBuildFile; fileRef = F1D32A962C4EDAD0001811F3 /* RightGrotesk-WideMedium.otf */; };
		F1D32AA22C4EE058001811F3 /* DropViewModel.swift in Sources */ = {isa = PBXBuildFile; fileRef = F1D32AA12C4EE058001811F3 /* DropViewModel.swift */; };
		F1D32AA62C4EE08C001811F3 /* DropChannelListView.swift in Sources */ = {isa = PBXBuildFile; fileRef = F1D32AA52C4EE08C001811F3 /* DropChannelListView.swift */; };
		F1D32AA82C4EE0D4001811F3 /* DropChannelListViewModel.swift in Sources */ = {isa = PBXBuildFile; fileRef = F1D32AA72C4EE0D4001811F3 /* DropChannelListViewModel.swift */; };
		F1D32AAB2C4EE5B7001811F3 /* ReviewDropView.swift in Sources */ = {isa = PBXBuildFile; fileRef = F1D32AAA2C4EE5B7001811F3 /* ReviewDropView.swift */; };
		F1D32AAD2C4EE5BF001811F3 /* ReviewDropViewModel.swift in Sources */ = {isa = PBXBuildFile; fileRef = F1D32AAC2C4EE5BF001811F3 /* ReviewDropViewModel.swift */; };
		F1D32AB02C4EF301001811F3 /* SuccessDropView.swift in Sources */ = {isa = PBXBuildFile; fileRef = F1D32AAF2C4EF301001811F3 /* SuccessDropView.swift */; };
		F1D32AB32C4EF89D001811F3 /* DropListView.swift in Sources */ = {isa = PBXBuildFile; fileRef = F1D32AB22C4EF89D001811F3 /* DropListView.swift */; };
		F1D32AB52C4EF8A6001811F3 /* DropListViewModel.swift in Sources */ = {isa = PBXBuildFile; fileRef = F1D32AB42C4EF8A6001811F3 /* DropListViewModel.swift */; };
		F1D32AB82C4EF9D5001811F3 /* Waveform.swift in Sources */ = {isa = PBXBuildFile; fileRef = F1D32AB72C4EF9D5001811F3 /* Waveform.swift */; };
		F1D32ABA2C4EFED9001811F3 /* PhotoPicker.swift in Sources */ = {isa = PBXBuildFile; fileRef = F1D32AB92C4EFED9001811F3 /* PhotoPicker.swift */; };
		F1D32ABC2C4F016B001811F3 /* ImageLoader.swift in Sources */ = {isa = PBXBuildFile; fileRef = F1D32ABB2C4F016B001811F3 /* ImageLoader.swift */; };
		F1D32AC02C4F0430001811F3 /* DropChannel.swift in Sources */ = {isa = PBXBuildFile; fileRef = F1D32ABF2C4F0430001811F3 /* DropChannel.swift */; };
		F1D32AC42C4F04AA001811F3 /* GetDropChannelsUseCase.swift in Sources */ = {isa = PBXBuildFile; fileRef = F1D32AC32C4F04AA001811F3 /* GetDropChannelsUseCase.swift */; };
		F1D32AC72C4F0510001811F3 /* RxSwift in Frameworks */ = {isa = PBXBuildFile; productRef = F1D32AC62C4F0510001811F3 /* RxSwift */; };
		F1D32ACB2C4F0562001811F3 /* DropRepository.swift in Sources */ = {isa = PBXBuildFile; fileRef = F1D32ACA2C4F0562001811F3 /* DropRepository.swift */; };
		F1D32ACE2C4F05E7001811F3 /* DropService.swift in Sources */ = {isa = PBXBuildFile; fileRef = F1D32ACD2C4F05E7001811F3 /* DropService.swift */; };
		F1D32AD12C4F064B001811F3 /* GetDropChannelsDTO.swift in Sources */ = {isa = PBXBuildFile; fileRef = F1D32AD02C4F064B001811F3 /* GetDropChannelsDTO.swift */; };
		F1D32AD42C4F080E001811F3 /* DropMapper.swift in Sources */ = {isa = PBXBuildFile; fileRef = F1D32AD32C4F080E001811F3 /* DropMapper.swift */; };
		F1D32AD72C4F0CD7001811F3 /* Kingfisher in Frameworks */ = {isa = PBXBuildFile; productRef = F1D32AD62C4F0CD7001811F3 /* Kingfisher */; };
		F1D32ADA2C4F1575001811F3 /* LargeChannelView.swift in Sources */ = {isa = PBXBuildFile; fileRef = F1D32AD92C4F1575001811F3 /* LargeChannelView.swift */; };
		F1D32ADD2C4F1CF1001811F3 /* GrowingCircleView.swift in Sources */ = {isa = PBXBuildFile; fileRef = F1D32ADC2C4F1CF1001811F3 /* GrowingCircleView.swift */; };
		F1D32ADF2C4FA414001811F3 /* GetDropsUseCase.swift in Sources */ = {isa = PBXBuildFile; fileRef = F1D32ADE2C4FA414001811F3 /* GetDropsUseCase.swift */; };
		F1D32AE12C4FA626001811F3 /* Drop.swift in Sources */ = {isa = PBXBuildFile; fileRef = F1D32AE02C4FA626001811F3 /* Drop.swift */; };
		F1D32AE32C4FA6C0001811F3 /* GetDropsDTO.swift in Sources */ = {isa = PBXBuildFile; fileRef = F1D32AE22C4FA6C0001811F3 /* GetDropsDTO.swift */; };
		F1D32AE62C4FB842001811F3 /* NetworkService.swift in Sources */ = {isa = PBXBuildFile; fileRef = F1D32AE52C4FB842001811F3 /* NetworkService.swift */; };
		F1D32AE92C4FBF6A001811F3 /* Toggle.swift in Sources */ = {isa = PBXBuildFile; fileRef = F1D32AE82C4FBF6A001811F3 /* Toggle.swift */; };
		F1D32AEB2C4FCCB9001811F3 /* DropEventGroupedView.swift in Sources */ = {isa = PBXBuildFile; fileRef = F1D32AEA2C4FCCB9001811F3 /* DropEventGroupedView.swift */; };
		F1D32AED2C4FCCCD001811F3 /* DropGridView.swift in Sources */ = {isa = PBXBuildFile; fileRef = F1D32AEC2C4FCCCD001811F3 /* DropGridView.swift */; };
		F1D32AF02C4FD639001811F3 /* DropListGrouper.swift in Sources */ = {isa = PBXBuildFile; fileRef = F1D32AEF2C4FD639001811F3 /* DropListGrouper.swift */; };
		F1D32AF52C4FD75F001811F3 /* HapticFeedbackHelper.swift in Sources */ = {isa = PBXBuildFile; fileRef = F1D32AF42C4FD75F001811F3 /* HapticFeedbackHelper.swift */; };
		F1D32AF72C4FDB59001811F3 /* SmallChannelView.swift in Sources */ = {isa = PBXBuildFile; fileRef = F1D32AF62C4FDB59001811F3 /* SmallChannelView.swift */; };
		F1D32AFC2C4FF29C001811F3 /* DropMapperTests.swift in Sources */ = {isa = PBXBuildFile; fileRef = F1D32AFB2C4FF29C001811F3 /* DropMapperTests.swift */; };
		F1D32AFE2C4FF572001811F3 /* View+Font.swift in Sources */ = {isa = PBXBuildFile; fileRef = F1D32AFD2C4FF572001811F3 /* View+Font.swift */; };
		F1D32B002C4FF956001811F3 /* DropChannelListViewModelTests.swift in Sources */ = {isa = PBXBuildFile; fileRef = F1D32AFF2C4FF956001811F3 /* DropChannelListViewModelTests.swift */; };
		F1D32B022C4FF97F001811F3 /* RxBlocking in Frameworks */ = {isa = PBXBuildFile; productRef = F1D32B012C4FF97F001811F3 /* RxBlocking */; };
		F1D32B042C4FF97F001811F3 /* RxTest in Frameworks */ = {isa = PBXBuildFile; productRef = F1D32B032C4FF97F001811F3 /* RxTest */; };
		F1D32B062C4FFA40001811F3 /* DropRepositoryTests.swift in Sources */ = {isa = PBXBuildFile; fileRef = F1D32B052C4FFA40001811F3 /* DropRepositoryTests.swift */; };
		F1D32B082C4FFB39001811F3 /* DropListGrouperTests.swift in Sources */ = {isa = PBXBuildFile; fileRef = F1D32B072C4FFB39001811F3 /* DropListGrouperTests.swift */; };
		F1D32B0A2C4FFC8A001811F3 /* DropListViewModelTests.swift in Sources */ = {isa = PBXBuildFile; fileRef = F1D32B092C4FFC8A001811F3 /* DropListViewModelTests.swift */; };
/* End PBXBuildFile section */

/* Begin PBXContainerItemProxy section */
		F16797A62C4ED53B0060284E /* PBXContainerItemProxy */ = {
			isa = PBXContainerItemProxy;
			containerPortal = F167978D2C4ED53A0060284E /* Project object */;
			proxyType = 1;
			remoteGlobalIDString = F16797942C4ED53A0060284E;
			remoteInfo = DDROPP;
		};
/* End PBXContainerItemProxy section */

/* Begin PBXFileReference section */
		F16797952C4ED53A0060284E /* DDROPP.app */ = {isa = PBXFileReference; explicitFileType = wrapper.application; includeInIndex = 0; path = DDROPP.app; sourceTree = BUILT_PRODUCTS_DIR; };
		F16797982C4ED53A0060284E /* DDROPPApp.swift */ = {isa = PBXFileReference; lastKnownFileType = sourcecode.swift; path = DDROPPApp.swift; sourceTree = "<group>"; };
		F167979A2C4ED53A0060284E /* DropView.swift */ = {isa = PBXFileReference; lastKnownFileType = sourcecode.swift; path = DropView.swift; sourceTree = "<group>"; };
		F167979C2C4ED53B0060284E /* Assets.xcassets */ = {isa = PBXFileReference; lastKnownFileType = folder.assetcatalog; path = Assets.xcassets; sourceTree = "<group>"; };
		F167979F2C4ED53B0060284E /* Preview Assets.xcassets */ = {isa = PBXFileReference; lastKnownFileType = folder.assetcatalog; path = "Preview Assets.xcassets"; sourceTree = "<group>"; };
		F16797A52C4ED53B0060284E /* DDROPPTests.xctest */ = {isa = PBXFileReference; explicitFileType = wrapper.cfbundle; includeInIndex = 0; path = DDROPPTests.xctest; sourceTree = BUILT_PRODUCTS_DIR; };
		F16797A92C4ED53B0060284E /* DDROPPTests.swift */ = {isa = PBXFileReference; lastKnownFileType = sourcecode.swift; path = DDROPPTests.swift; sourceTree = "<group>"; };
		F1D32A902C4EDAD0001811F3 /* RightGrotesk-NarrowLight.otf */ = {isa = PBXFileReference; lastKnownFileType = file; path = "RightGrotesk-NarrowLight.otf"; sourceTree = "<group>"; };
		F1D32A912C4EDAD0001811F3 /* RightGrotesk-CompactBlack.otf */ = {isa = PBXFileReference; lastKnownFileType = file; path = "RightGrotesk-CompactBlack.otf"; sourceTree = "<group>"; };
		F1D32A922C4EDAD0001811F3 /* RightGrotesk-Medium.otf */ = {isa = PBXFileReference; lastKnownFileType = file; path = "RightGrotesk-Medium.otf"; sourceTree = "<group>"; };
		F1D32A932C4EDAD0001811F3 /* RightGrotesk-TallFine.otf */ = {isa = PBXFileReference; lastKnownFileType = file; path = "RightGrotesk-TallFine.otf"; sourceTree = "<group>"; };
		F1D32A942C4EDAD0001811F3 /* RightGrotesk-SpatialBlack.otf */ = {isa = PBXFileReference; lastKnownFileType = file; path = "RightGrotesk-SpatialBlack.otf"; sourceTree = "<group>"; };
		F1D32A952C4EDAD0001811F3 /* RightGrotesk-TightMedium.otf */ = {isa = PBXFileReference; lastKnownFileType = file; path = "RightGrotesk-TightMedium.otf"; sourceTree = "<group>"; };
		F1D32A962C4EDAD0001811F3 /* RightGrotesk-WideMedium.otf */ = {isa = PBXFileReference; lastKnownFileType = file; path = "RightGrotesk-WideMedium.otf"; sourceTree = "<group>"; };
		F1D32A9E2C4EDAFA001811F3 /* Info.plist */ = {isa = PBXFileReference; lastKnownFileType = text.plist; path = Info.plist; sourceTree = "<group>"; };
		F1D32AA12C4EE058001811F3 /* DropViewModel.swift */ = {isa = PBXFileReference; lastKnownFileType = sourcecode.swift; path = DropViewModel.swift; sourceTree = "<group>"; };
		F1D32AA52C4EE08C001811F3 /* DropChannelListView.swift */ = {isa = PBXFileReference; lastKnownFileType = sourcecode.swift; path = DropChannelListView.swift; sourceTree = "<group>"; };
		F1D32AA72C4EE0D4001811F3 /* DropChannelListViewModel.swift */ = {isa = PBXFileReference; lastKnownFileType = sourcecode.swift; path = DropChannelListViewModel.swift; sourceTree = "<group>"; };
		F1D32AAA2C4EE5B7001811F3 /* ReviewDropView.swift */ = {isa = PBXFileReference; lastKnownFileType = sourcecode.swift; path = ReviewDropView.swift; sourceTree = "<group>"; };
		F1D32AAC2C4EE5BF001811F3 /* ReviewDropViewModel.swift */ = {isa = PBXFileReference; lastKnownFileType = sourcecode.swift; path = ReviewDropViewModel.swift; sourceTree = "<group>"; };
		F1D32AAF2C4EF301001811F3 /* SuccessDropView.swift */ = {isa = PBXFileReference; lastKnownFileType = sourcecode.swift; path = SuccessDropView.swift; sourceTree = "<group>"; };
		F1D32AB22C4EF89D001811F3 /* DropListView.swift */ = {isa = PBXFileReference; lastKnownFileType = sourcecode.swift; path = DropListView.swift; sourceTree = "<group>"; };
		F1D32AB42C4EF8A6001811F3 /* DropListViewModel.swift */ = {isa = PBXFileReference; lastKnownFileType = sourcecode.swift; path = DropListViewModel.swift; sourceTree = "<group>"; };
		F1D32AB72C4EF9D5001811F3 /* Waveform.swift */ = {isa = PBXFileReference; lastKnownFileType = sourcecode.swift; path = Waveform.swift; sourceTree = "<group>"; };
		F1D32AB92C4EFED9001811F3 /* PhotoPicker.swift */ = {isa = PBXFileReference; lastKnownFileType = sourcecode.swift; path = PhotoPicker.swift; sourceTree = "<group>"; };
		F1D32ABB2C4F016B001811F3 /* ImageLoader.swift */ = {isa = PBXFileReference; lastKnownFileType = sourcecode.swift; path = ImageLoader.swift; sourceTree = "<group>"; };
		F1D32ABF2C4F0430001811F3 /* DropChannel.swift */ = {isa = PBXFileReference; lastKnownFileType = sourcecode.swift; path = DropChannel.swift; sourceTree = "<group>"; };
		F1D32AC32C4F04AA001811F3 /* GetDropChannelsUseCase.swift */ = {isa = PBXFileReference; lastKnownFileType = sourcecode.swift; path = GetDropChannelsUseCase.swift; sourceTree = "<group>"; };
		F1D32ACA2C4F0562001811F3 /* DropRepository.swift */ = {isa = PBXFileReference; lastKnownFileType = sourcecode.swift; path = DropRepository.swift; sourceTree = "<group>"; };
		F1D32ACD2C4F05E7001811F3 /* DropService.swift */ = {isa = PBXFileReference; lastKnownFileType = sourcecode.swift; path = DropService.swift; sourceTree = "<group>"; };
		F1D32AD02C4F064B001811F3 /* GetDropChannelsDTO.swift */ = {isa = PBXFileReference; lastKnownFileType = sourcecode.swift; path = GetDropChannelsDTO.swift; sourceTree = "<group>"; };
		F1D32AD32C4F080E001811F3 /* DropMapper.swift */ = {isa = PBXFileReference; lastKnownFileType = sourcecode.swift; path = DropMapper.swift; sourceTree = "<group>"; };
		F1D32AD92C4F1575001811F3 /* LargeChannelView.swift */ = {isa = PBXFileReference; lastKnownFileType = sourcecode.swift; path = LargeChannelView.swift; sourceTree = "<group>"; };
		F1D32ADC2C4F1CF1001811F3 /* GrowingCircleView.swift */ = {isa = PBXFileReference; lastKnownFileType = sourcecode.swift; path = GrowingCircleView.swift; sourceTree = "<group>"; };
		F1D32ADE2C4FA414001811F3 /* GetDropsUseCase.swift */ = {isa = PBXFileReference; lastKnownFileType = sourcecode.swift; path = GetDropsUseCase.swift; sourceTree = "<group>"; };
		F1D32AE02C4FA626001811F3 /* Drop.swift */ = {isa = PBXFileReference; lastKnownFileType = sourcecode.swift; path = Drop.swift; sourceTree = "<group>"; };
		F1D32AE22C4FA6C0001811F3 /* GetDropsDTO.swift */ = {isa = PBXFileReference; lastKnownFileType = sourcecode.swift; path = GetDropsDTO.swift; sourceTree = "<group>"; };
		F1D32AE52C4FB842001811F3 /* NetworkService.swift */ = {isa = PBXFileReference; lastKnownFileType = sourcecode.swift; path = NetworkService.swift; sourceTree = "<group>"; };
		F1D32AE82C4FBF6A001811F3 /* Toggle.swift */ = {isa = PBXFileReference; lastKnownFileType = sourcecode.swift; path = Toggle.swift; sourceTree = "<group>"; };
		F1D32AEA2C4FCCB9001811F3 /* DropEventGroupedView.swift */ = {isa = PBXFileReference; lastKnownFileType = sourcecode.swift; path = DropEventGroupedView.swift; sourceTree = "<group>"; };
		F1D32AEC2C4FCCCD001811F3 /* DropGridView.swift */ = {isa = PBXFileReference; lastKnownFileType = sourcecode.swift; path = DropGridView.swift; sourceTree = "<group>"; };
		F1D32AEF2C4FD639001811F3 /* DropListGrouper.swift */ = {isa = PBXFileReference; lastKnownFileType = sourcecode.swift; path = DropListGrouper.swift; sourceTree = "<group>"; };
		F1D32AF42C4FD75F001811F3 /* HapticFeedbackHelper.swift */ = {isa = PBXFileReference; lastKnownFileType = sourcecode.swift; path = HapticFeedbackHelper.swift; sourceTree = "<group>"; };
		F1D32AF62C4FDB59001811F3 /* SmallChannelView.swift */ = {isa = PBXFileReference; lastKnownFileType = sourcecode.swift; path = SmallChannelView.swift; sourceTree = "<group>"; };
		F1D32AFB2C4FF29C001811F3 /* DropMapperTests.swift */ = {isa = PBXFileReference; lastKnownFileType = sourcecode.swift; path = DropMapperTests.swift; sourceTree = "<group>"; };
		F1D32AFD2C4FF572001811F3 /* View+Font.swift */ = {isa = PBXFileReference; lastKnownFileType = sourcecode.swift; path = "View+Font.swift"; sourceTree = "<group>"; };
		F1D32AFF2C4FF956001811F3 /* DropChannelListViewModelTests.swift */ = {isa = PBXFileReference; lastKnownFileType = sourcecode.swift; path = DropChannelListViewModelTests.swift; sourceTree = "<group>"; };
		F1D32B052C4FFA40001811F3 /* DropRepositoryTests.swift */ = {isa = PBXFileReference; lastKnownFileType = sourcecode.swift; path = DropRepositoryTests.swift; sourceTree = "<group>"; };
		F1D32B072C4FFB39001811F3 /* DropListGrouperTests.swift */ = {isa = PBXFileReference; lastKnownFileType = sourcecode.swift; path = DropListGrouperTests.swift; sourceTree = "<group>"; };
		F1D32B092C4FFC8A001811F3 /* DropListViewModelTests.swift */ = {isa = PBXFileReference; lastKnownFileType = sourcecode.swift; path = DropListViewModelTests.swift; sourceTree = "<group>"; };
/* End PBXFileReference section */

/* Begin PBXFrameworksBuildPhase section */
		F16797922C4ED53A0060284E /* Frameworks */ = {
			isa = PBXFrameworksBuildPhase;
			buildActionMask = 2147483647;
			files = (
				F1D32AD72C4F0CD7001811F3 /* Kingfisher in Frameworks */,
				F1D32AC72C4F0510001811F3 /* RxSwift in Frameworks */,
			);
			runOnlyForDeploymentPostprocessing = 0;
		};
		F16797A22C4ED53B0060284E /* Frameworks */ = {
			isa = PBXFrameworksBuildPhase;
			buildActionMask = 2147483647;
			files = (
				F1D32B042C4FF97F001811F3 /* RxTest in Frameworks */,
				F1D32B022C4FF97F001811F3 /* RxBlocking in Frameworks */,
			);
			runOnlyForDeploymentPostprocessing = 0;
		};
/* End PBXFrameworksBuildPhase section */

/* Begin PBXGroup section */
		F167978C2C4ED53A0060284E = {
			isa = PBXGroup;
			children = (
				F16797972C4ED53A0060284E /* DDROPP */,
				F16797A82C4ED53B0060284E /* DDROPPTests */,
				F16797962C4ED53A0060284E /* Products */,
			);
			sourceTree = "<group>";
		};
		F16797962C4ED53A0060284E /* Products */ = {
			isa = PBXGroup;
			children = (
				F16797952C4ED53A0060284E /* DDROPP.app */,
				F16797A52C4ED53B0060284E /* DDROPPTests.xctest */,
			);
			name = Products;
			sourceTree = "<group>";
		};
		F16797972C4ED53A0060284E /* DDROPP */ = {
			isa = PBXGroup;
			children = (
				F1D32A9E2C4EDAFA001811F3 /* Info.plist */,
				F16797982C4ED53A0060284E /* DDROPPApp.swift */,
				F1D32A9F2C4EE046001811F3 /* Scenes */,
				F1D32ABD2C4F0412001811F3 /* Domain */,
				F1D32AC82C4F052E001811F3 /* Data */,
				F1D32AE42C4FB825001811F3 /* Network */,
				F1D32AF12C4FD70E001811F3 /* Utility */,
				F1D32A8F2C4EDABD001811F3 /* Fonts */,
				F167979C2C4ED53B0060284E /* Assets.xcassets */,
				F167979E2C4ED53B0060284E /* Preview Content */,
			);
			path = DDROPP;
			sourceTree = "<group>";
		};
		F167979E2C4ED53B0060284E /* Preview Content */ = {
			isa = PBXGroup;
			children = (
				F167979F2C4ED53B0060284E /* Preview Assets.xcassets */,
			);
			path = "Preview Content";
			sourceTree = "<group>";
		};
		F16797A82C4ED53B0060284E /* DDROPPTests */ = {
			isa = PBXGroup;
			children = (
				F16797A92C4ED53B0060284E /* DDROPPTests.swift */,
				F1D32AFB2C4FF29C001811F3 /* DropMapperTests.swift */,
				F1D32AFF2C4FF956001811F3 /* DropChannelListViewModelTests.swift */,
				F1D32B092C4FFC8A001811F3 /* DropListViewModelTests.swift */,
				F1D32B052C4FFA40001811F3 /* DropRepositoryTests.swift */,
				F1D32B072C4FFB39001811F3 /* DropListGrouperTests.swift */,
			);
			path = DDROPPTests;
			sourceTree = "<group>";
		};
		F1D32A8F2C4EDABD001811F3 /* Fonts */ = {
			isa = PBXGroup;
			children = (
				F1D32A912C4EDAD0001811F3 /* RightGrotesk-CompactBlack.otf */,
				F1D32A922C4EDAD0001811F3 /* RightGrotesk-Medium.otf */,
				F1D32A902C4EDAD0001811F3 /* RightGrotesk-NarrowLight.otf */,
				F1D32A942C4EDAD0001811F3 /* RightGrotesk-SpatialBlack.otf */,
				F1D32A932C4EDAD0001811F3 /* RightGrotesk-TallFine.otf */,
				F1D32A952C4EDAD0001811F3 /* RightGrotesk-TightMedium.otf */,
				F1D32A962C4EDAD0001811F3 /* RightGrotesk-WideMedium.otf */,
			);
			path = Fonts;
			sourceTree = "<group>";
		};
		F1D32A9F2C4EE046001811F3 /* Scenes */ = {
			isa = PBXGroup;
			children = (
				F1D32AA32C4EE073001811F3 /* DropChannelList */,
				F1D32AA02C4EE04C001811F3 /* Drop */,
				F1D32AA92C4EE5A9001811F3 /* ReviewDrop */,
				F1D32AAE2C4EF2D6001811F3 /* SuccessDrop */,
				F1D32AB12C4EF884001811F3 /* DropChannel */,
			);
			path = Scenes;
			sourceTree = "<group>";
		};
		F1D32AA02C4EE04C001811F3 /* Drop */ = {
			isa = PBXGroup;
			children = (
				F167979A2C4ED53A0060284E /* DropView.swift */,
				F1D32AA12C4EE058001811F3 /* DropViewModel.swift */,
				F1D32ABB2C4F016B001811F3 /* ImageLoader.swift */,
				F1D32AB62C4EF9CB001811F3 /* View */,
			);
			path = Drop;
			sourceTree = "<group>";
		};
		F1D32AA32C4EE073001811F3 /* DropChannelList */ = {
			isa = PBXGroup;
			children = (
				F1D32AA52C4EE08C001811F3 /* DropChannelListView.swift */,
				F1D32AA72C4EE0D4001811F3 /* DropChannelListViewModel.swift */,
				F1D32AD82C4F155E001811F3 /* View */,
			);
			path = DropChannelList;
			sourceTree = "<group>";
		};
		F1D32AA92C4EE5A9001811F3 /* ReviewDrop */ = {
			isa = PBXGroup;
			children = (
				F1D32AAA2C4EE5B7001811F3 /* ReviewDropView.swift */,
				F1D32AAC2C4EE5BF001811F3 /* ReviewDropViewModel.swift */,
			);
			path = ReviewDrop;
			sourceTree = "<group>";
		};
		F1D32AAE2C4EF2D6001811F3 /* SuccessDrop */ = {
			isa = PBXGroup;
			children = (
				F1D32AAF2C4EF301001811F3 /* SuccessDropView.swift */,
				F1D32ADB2C4F1CE7001811F3 /* View */,
			);
			path = SuccessDrop;
			sourceTree = "<group>";
		};
		F1D32AB12C4EF884001811F3 /* DropChannel */ = {
			isa = PBXGroup;
			children = (
				F1D32AB22C4EF89D001811F3 /* DropListView.swift */,
				F1D32AB42C4EF8A6001811F3 /* DropListViewModel.swift */,
				F1D32AEF2C4FD639001811F3 /* DropListGrouper.swift */,
				F1D32AE72C4FBF49001811F3 /* View */,
			);
			path = DropChannel;
			sourceTree = "<group>";
		};
		F1D32AB62C4EF9CB001811F3 /* View */ = {
			isa = PBXGroup;
			children = (
				F1D32AB72C4EF9D5001811F3 /* Waveform.swift */,
				F1D32AB92C4EFED9001811F3 /* PhotoPicker.swift */,
			);
			path = View;
			sourceTree = "<group>";
		};
		F1D32ABD2C4F0412001811F3 /* Domain */ = {
			isa = PBXGroup;
			children = (
				F1D32ABE2C4F0424001811F3 /* Model */,
				F1D32AC12C4F0487001811F3 /* Use Case */,
			);
			path = Domain;
			sourceTree = "<group>";
		};
		F1D32ABE2C4F0424001811F3 /* Model */ = {
			isa = PBXGroup;
			children = (
				F1D32ABF2C4F0430001811F3 /* DropChannel.swift */,
				F1D32AE02C4FA626001811F3 /* Drop.swift */,
			);
			path = Model;
			sourceTree = "<group>";
		};
		F1D32AC12C4F0487001811F3 /* Use Case */ = {
			isa = PBXGroup;
			children = (
				F1D32AC32C4F04AA001811F3 /* GetDropChannelsUseCase.swift */,
				F1D32ADE2C4FA414001811F3 /* GetDropsUseCase.swift */,
			);
			path = "Use Case";
			sourceTree = "<group>";
		};
		F1D32AC82C4F052E001811F3 /* Data */ = {
			isa = PBXGroup;
			children = (
				F1D32AC92C4F0543001811F3 /* Repository */,
				F1D32ACC2C4F05D8001811F3 /* Service */,
				F1D32ACF2C4F063A001811F3 /* API Models */,
				F1D32AD22C4F0800001811F3 /* Mapper */,
			);
			path = Data;
			sourceTree = "<group>";
		};
		F1D32AC92C4F0543001811F3 /* Repository */ = {
			isa = PBXGroup;
			children = (
				F1D32ACA2C4F0562001811F3 /* DropRepository.swift */,
			);
			path = Repository;
			sourceTree = "<group>";
		};
		F1D32ACC2C4F05D8001811F3 /* Service */ = {
			isa = PBXGroup;
			children = (
				F1D32ACD2C4F05E7001811F3 /* DropService.swift */,
			);
			path = Service;
			sourceTree = "<group>";
		};
		F1D32ACF2C4F063A001811F3 /* API Models */ = {
			isa = PBXGroup;
			children = (
				F1D32AD02C4F064B001811F3 /* GetDropChannelsDTO.swift */,
				F1D32AE22C4FA6C0001811F3 /* GetDropsDTO.swift */,
			);
			path = "API Models";
			sourceTree = "<group>";
		};
		F1D32AD22C4F0800001811F3 /* Mapper */ = {
			isa = PBXGroup;
			children = (
				F1D32AD32C4F080E001811F3 /* DropMapper.swift */,
			);
			path = Mapper;
			sourceTree = "<group>";
		};
		F1D32AD82C4F155E001811F3 /* View */ = {
			isa = PBXGroup;
			children = (
				F1D32AD92C4F1575001811F3 /* LargeChannelView.swift */,
				F1D32AF62C4FDB59001811F3 /* SmallChannelView.swift */,
			);
			path = View;
			sourceTree = "<group>";
		};
		F1D32ADB2C4F1CE7001811F3 /* View */ = {
			isa = PBXGroup;
			children = (
				F1D32ADC2C4F1CF1001811F3 /* GrowingCircleView.swift */,
			);
			path = View;
			sourceTree = "<group>";
		};
		F1D32AE42C4FB825001811F3 /* Network */ = {
			isa = PBXGroup;
			children = (
				F1D32AE52C4FB842001811F3 /* NetworkService.swift */,
			);
			path = Network;
			sourceTree = "<group>";
		};
		F1D32AE72C4FBF49001811F3 /* View */ = {
			isa = PBXGroup;
			children = (
				F1D32AE82C4FBF6A001811F3 /* Toggle.swift */,
				F1D32AEA2C4FCCB9001811F3 /* DropEventGroupedView.swift */,
				F1D32AEC2C4FCCCD001811F3 /* DropGridView.swift */,
			);
			path = View;
			sourceTree = "<group>";
		};
		F1D32AF12C4FD70E001811F3 /* Utility */ = {
			isa = PBXGroup;
			children = (
				F1D32AF32C4FD749001811F3 /* UI */,
				F1D32AF22C4FD71E001811F3 /* Haptic */,
			);
			path = Utility;
			sourceTree = "<group>";
		};
		F1D32AF22C4FD71E001811F3 /* Haptic */ = {
			isa = PBXGroup;
			children = (
				F1D32AF42C4FD75F001811F3 /* HapticFeedbackHelper.swift */,
			);
			path = Haptic;
			sourceTree = "<group>";
		};
		F1D32AF32C4FD749001811F3 /* UI */ = {
			isa = PBXGroup;
			children = (
				F1D32AFD2C4FF572001811F3 /* View+Font.swift */,
			);
			path = UI;
			sourceTree = "<group>";
		};
/* End PBXGroup section */

/* Begin PBXNativeTarget section */
		F16797942C4ED53A0060284E /* DDROPP */ = {
			isa = PBXNativeTarget;
			buildConfigurationList = F16797B92C4ED53B0060284E /* Build configuration list for PBXNativeTarget "DDROPP" */;
			buildPhases = (
				F16797912C4ED53A0060284E /* Sources */,
				F16797922C4ED53A0060284E /* Frameworks */,
				F16797932C4ED53A0060284E /* Resources */,
			);
			buildRules = (
			);
			dependencies = (
			);
			name = DDROPP;
			packageProductDependencies = (
				F1D32AC62C4F0510001811F3 /* RxSwift */,
				F1D32AD62C4F0CD7001811F3 /* Kingfisher */,
			);
			productName = DDROPP;
			productReference = F16797952C4ED53A0060284E /* DDROPP.app */;
			productType = "com.apple.product-type.application";
		};
		F16797A42C4ED53B0060284E /* DDROPPTests */ = {
			isa = PBXNativeTarget;
			buildConfigurationList = F16797BC2C4ED53B0060284E /* Build configuration list for PBXNativeTarget "DDROPPTests" */;
			buildPhases = (
				F16797A12C4ED53B0060284E /* Sources */,
				F16797A22C4ED53B0060284E /* Frameworks */,
				F16797A32C4ED53B0060284E /* Resources */,
			);
			buildRules = (
			);
			dependencies = (
				F16797A72C4ED53B0060284E /* PBXTargetDependency */,
			);
			name = DDROPPTests;
			packageProductDependencies = (
				F1D32B012C4FF97F001811F3 /* RxBlocking */,
				F1D32B032C4FF97F001811F3 /* RxTest */,
			);
			productName = DDROPPTests;
			productReference = F16797A52C4ED53B0060284E /* DDROPPTests.xctest */;
			productType = "com.apple.product-type.bundle.unit-test";
		};
/* End PBXNativeTarget section */

/* Begin PBXProject section */
		F167978D2C4ED53A0060284E /* Project object */ = {
			isa = PBXProject;
			attributes = {
				BuildIndependentTargetsInParallel = 1;
				LastSwiftUpdateCheck = 1540;
				LastUpgradeCheck = 1540;
				TargetAttributes = {
					F16797942C4ED53A0060284E = {
						CreatedOnToolsVersion = 15.4;
					};
					F16797A42C4ED53B0060284E = {
						CreatedOnToolsVersion = 15.4;
						TestTargetID = F16797942C4ED53A0060284E;
					};
				};
			};
			buildConfigurationList = F16797902C4ED53A0060284E /* Build configuration list for PBXProject "DDROPP" */;
			compatibilityVersion = "Xcode 14.0";
			developmentRegion = en;
			hasScannedForEncodings = 0;
			knownRegions = (
				en,
				Base,
			);
			mainGroup = F167978C2C4ED53A0060284E;
			packageReferences = (
				F1D32AC52C4F0510001811F3 /* XCRemoteSwiftPackageReference "RxSwift" */,
				F1D32AD52C4F0CD7001811F3 /* XCRemoteSwiftPackageReference "Kingfisher" */,
			);
			productRefGroup = F16797962C4ED53A0060284E /* Products */;
			projectDirPath = "";
			projectRoot = "";
			targets = (
				F16797942C4ED53A0060284E /* DDROPP */,
				F16797A42C4ED53B0060284E /* DDROPPTests */,
			);
		};
/* End PBXProject section */

/* Begin PBXResourcesBuildPhase section */
		F16797932C4ED53A0060284E /* Resources */ = {
			isa = PBXResourcesBuildPhase;
			buildActionMask = 2147483647;
			files = (
				F1D32A9D2C4EDAD0001811F3 /* RightGrotesk-WideMedium.otf in Resources */,
				F1D32A992C4EDAD0001811F3 /* RightGrotesk-Medium.otf in Resources */,
				F1D32A9B2C4EDAD0001811F3 /* RightGrotesk-SpatialBlack.otf in Resources */,
				F16797A02C4ED53B0060284E /* Preview Assets.xcassets in Resources */,
				F1D32A972C4EDAD0001811F3 /* RightGrotesk-NarrowLight.otf in Resources */,
				F1D32A982C4EDAD0001811F3 /* RightGrotesk-CompactBlack.otf in Resources */,
				F167979D2C4ED53B0060284E /* Assets.xcassets in Resources */,
				F1D32A9C2C4EDAD0001811F3 /* RightGrotesk-TightMedium.otf in Resources */,
				F1D32A9A2C4EDAD0001811F3 /* RightGrotesk-TallFine.otf in Resources */,
			);
			runOnlyForDeploymentPostprocessing = 0;
		};
		F16797A32C4ED53B0060284E /* Resources */ = {
			isa = PBXResourcesBuildPhase;
			buildActionMask = 2147483647;
			files = (
			);
			runOnlyForDeploymentPostprocessing = 0;
		};
/* End PBXResourcesBuildPhase section */

/* Begin PBXSourcesBuildPhase section */
		F16797912C4ED53A0060284E /* Sources */ = {
			isa = PBXSourcesBuildPhase;
			buildActionMask = 2147483647;
			files = (
				F167979B2C4ED53A0060284E /* DropView.swift in Sources */,
				F1D32AB82C4EF9D5001811F3 /* Waveform.swift in Sources */,
				F1D32ADD2C4F1CF1001811F3 /* GrowingCircleView.swift in Sources */,
				F1D32AB02C4EF301001811F3 /* SuccessDropView.swift in Sources */,
				F1D32AF02C4FD639001811F3 /* DropListGrouper.swift in Sources */,
				F1D32AAD2C4EE5BF001811F3 /* ReviewDropViewModel.swift in Sources */,
				F1D32AE62C4FB842001811F3 /* NetworkService.swift in Sources */,
				F1D32AFE2C4FF572001811F3 /* View+Font.swift in Sources */,
				F1D32ADA2C4F1575001811F3 /* LargeChannelView.swift in Sources */,
				F1D32ACB2C4F0562001811F3 /* DropRepository.swift in Sources */,
				F1D32AC42C4F04AA001811F3 /* GetDropChannelsUseCase.swift in Sources */,
				F1D32AE92C4FBF6A001811F3 /* Toggle.swift in Sources */,
				F1D32AB32C4EF89D001811F3 /* DropListView.swift in Sources */,
				F1D32AA62C4EE08C001811F3 /* DropChannelListView.swift in Sources */,
				F1D32AA82C4EE0D4001811F3 /* DropChannelListViewModel.swift in Sources */,
				F1D32AE32C4FA6C0001811F3 /* GetDropsDTO.swift in Sources */,
				F1D32AD12C4F064B001811F3 /* GetDropChannelsDTO.swift in Sources */,
				F1D32ACE2C4F05E7001811F3 /* DropService.swift in Sources */,
				F1D32AF52C4FD75F001811F3 /* HapticFeedbackHelper.swift in Sources */,
				F1D32AE12C4FA626001811F3 /* Drop.swift in Sources */,
				F1D32ADF2C4FA414001811F3 /* GetDropsUseCase.swift in Sources */,
				F1D32AAB2C4EE5B7001811F3 /* ReviewDropView.swift in Sources */,
				F1D32AF72C4FDB59001811F3 /* SmallChannelView.swift in Sources */,
				F1D32ABA2C4EFED9001811F3 /* PhotoPicker.swift in Sources */,
				F1D32AB52C4EF8A6001811F3 /* DropListViewModel.swift in Sources */,
				F1D32AA22C4EE058001811F3 /* DropViewModel.swift in Sources */,
				F16797992C4ED53A0060284E /* DDROPPApp.swift in Sources */,
				F1D32AD42C4F080E001811F3 /* DropMapper.swift in Sources */,
				F1D32AC02C4F0430001811F3 /* DropChannel.swift in Sources */,
				F1D32AEB2C4FCCB9001811F3 /* DropEventGroupedView.swift in Sources */,
				F1D32ABC2C4F016B001811F3 /* ImageLoader.swift in Sources */,
				F1D32AED2C4FCCCD001811F3 /* DropGridView.swift in Sources */,
			);
			runOnlyForDeploymentPostprocessing = 0;
		};
		F16797A12C4ED53B0060284E /* Sources */ = {
			isa = PBXSourcesBuildPhase;
			buildActionMask = 2147483647;
			files = (
				F1D32B062C4FFA40001811F3 /* DropRepositoryTests.swift in Sources */,
				F16797AA2C4ED53B0060284E /* DDROPPTests.swift in Sources */,
				F1D32B002C4FF956001811F3 /* DropChannelListViewModelTests.swift in Sources */,
				F1D32AFC2C4FF29C001811F3 /* DropMapperTests.swift in Sources */,
				F1D32B082C4FFB39001811F3 /* DropListGrouperTests.swift in Sources */,
				F1D32B0A2C4FFC8A001811F3 /* DropListViewModelTests.swift in Sources */,
			);
			runOnlyForDeploymentPostprocessing = 0;
		};
/* End PBXSourcesBuildPhase section */

/* Begin PBXTargetDependency section */
		F16797A72C4ED53B0060284E /* PBXTargetDependency */ = {
			isa = PBXTargetDependency;
			target = F16797942C4ED53A0060284E /* DDROPP */;
			targetProxy = F16797A62C4ED53B0060284E /* PBXContainerItemProxy */;
		};
/* End PBXTargetDependency section */

/* Begin XCBuildConfiguration section */
		F16797B72C4ED53B0060284E /* Debug */ = {
			isa = XCBuildConfiguration;
			buildSettings = {
				ALWAYS_SEARCH_USER_PATHS = NO;
				ASSETCATALOG_COMPILER_GENERATE_SWIFT_ASSET_SYMBOL_EXTENSIONS = YES;
				CLANG_ANALYZER_NONNULL = YES;
				CLANG_ANALYZER_NUMBER_OBJECT_CONVERSION = YES_AGGRESSIVE;
				CLANG_CXX_LANGUAGE_STANDARD = "gnu++20";
				CLANG_ENABLE_MODULES = YES;
				CLANG_ENABLE_OBJC_ARC = YES;
				CLANG_ENABLE_OBJC_WEAK = YES;
				CLANG_WARN_BLOCK_CAPTURE_AUTORELEASING = YES;
				CLANG_WARN_BOOL_CONVERSION = YES;
				CLANG_WARN_COMMA = YES;
				CLANG_WARN_CONSTANT_CONVERSION = YES;
				CLANG_WARN_DEPRECATED_OBJC_IMPLEMENTATIONS = YES;
				CLANG_WARN_DIRECT_OBJC_ISA_USAGE = YES_ERROR;
				CLANG_WARN_DOCUMENTATION_COMMENTS = YES;
				CLANG_WARN_EMPTY_BODY = YES;
				CLANG_WARN_ENUM_CONVERSION = YES;
				CLANG_WARN_INFINITE_RECURSION = YES;
				CLANG_WARN_INT_CONVERSION = YES;
				CLANG_WARN_NON_LITERAL_NULL_CONVERSION = YES;
				CLANG_WARN_OBJC_IMPLICIT_RETAIN_SELF = YES;
				CLANG_WARN_OBJC_LITERAL_CONVERSION = YES;
				CLANG_WARN_OBJC_ROOT_CLASS = YES_ERROR;
				CLANG_WARN_QUOTED_INCLUDE_IN_FRAMEWORK_HEADER = YES;
				CLANG_WARN_RANGE_LOOP_ANALYSIS = YES;
				CLANG_WARN_STRICT_PROTOTYPES = YES;
				CLANG_WARN_SUSPICIOUS_MOVE = YES;
				CLANG_WARN_UNGUARDED_AVAILABILITY = YES_AGGRESSIVE;
				CLANG_WARN_UNREACHABLE_CODE = YES;
				CLANG_WARN__DUPLICATE_METHOD_MATCH = YES;
				COPY_PHASE_STRIP = NO;
				DEBUG_INFORMATION_FORMAT = dwarf;
				ENABLE_STRICT_OBJC_MSGSEND = YES;
				ENABLE_TESTABILITY = YES;
				ENABLE_USER_SCRIPT_SANDBOXING = YES;
				GCC_C_LANGUAGE_STANDARD = gnu17;
				GCC_DYNAMIC_NO_PIC = NO;
				GCC_NO_COMMON_BLOCKS = YES;
				GCC_OPTIMIZATION_LEVEL = 0;
				GCC_PREPROCESSOR_DEFINITIONS = (
					"DEBUG=1",
					"$(inherited)",
				);
				GCC_WARN_64_TO_32_BIT_CONVERSION = YES;
				GCC_WARN_ABOUT_RETURN_TYPE = YES_ERROR;
				GCC_WARN_UNDECLARED_SELECTOR = YES;
				GCC_WARN_UNINITIALIZED_AUTOS = YES_AGGRESSIVE;
				GCC_WARN_UNUSED_FUNCTION = YES;
				GCC_WARN_UNUSED_VARIABLE = YES;
				IPHONEOS_DEPLOYMENT_TARGET = 16.0;
				LOCALIZATION_PREFERS_STRING_CATALOGS = YES;
				MTL_ENABLE_DEBUG_INFO = INCLUDE_SOURCE;
				MTL_FAST_MATH = YES;
				ONLY_ACTIVE_ARCH = YES;
				SDKROOT = iphoneos;
				SWIFT_ACTIVE_COMPILATION_CONDITIONS = "DEBUG $(inherited)";
				SWIFT_OPTIMIZATION_LEVEL = "-Onone";
			};
			name = Debug;
		};
		F16797B82C4ED53B0060284E /* Release */ = {
			isa = XCBuildConfiguration;
			buildSettings = {
				ALWAYS_SEARCH_USER_PATHS = NO;
				ASSETCATALOG_COMPILER_GENERATE_SWIFT_ASSET_SYMBOL_EXTENSIONS = YES;
				CLANG_ANALYZER_NONNULL = YES;
				CLANG_ANALYZER_NUMBER_OBJECT_CONVERSION = YES_AGGRESSIVE;
				CLANG_CXX_LANGUAGE_STANDARD = "gnu++20";
				CLANG_ENABLE_MODULES = YES;
				CLANG_ENABLE_OBJC_ARC = YES;
				CLANG_ENABLE_OBJC_WEAK = YES;
				CLANG_WARN_BLOCK_CAPTURE_AUTORELEASING = YES;
				CLANG_WARN_BOOL_CONVERSION = YES;
				CLANG_WARN_COMMA = YES;
				CLANG_WARN_CONSTANT_CONVERSION = YES;
				CLANG_WARN_DEPRECATED_OBJC_IMPLEMENTATIONS = YES;
				CLANG_WARN_DIRECT_OBJC_ISA_USAGE = YES_ERROR;
				CLANG_WARN_DOCUMENTATION_COMMENTS = YES;
				CLANG_WARN_EMPTY_BODY = YES;
				CLANG_WARN_ENUM_CONVERSION = YES;
				CLANG_WARN_INFINITE_RECURSION = YES;
				CLANG_WARN_INT_CONVERSION = YES;
				CLANG_WARN_NON_LITERAL_NULL_CONVERSION = YES;
				CLANG_WARN_OBJC_IMPLICIT_RETAIN_SELF = YES;
				CLANG_WARN_OBJC_LITERAL_CONVERSION = YES;
				CLANG_WARN_OBJC_ROOT_CLASS = YES_ERROR;
				CLANG_WARN_QUOTED_INCLUDE_IN_FRAMEWORK_HEADER = YES;
				CLANG_WARN_RANGE_LOOP_ANALYSIS = YES;
				CLANG_WARN_STRICT_PROTOTYPES = YES;
				CLANG_WARN_SUSPICIOUS_MOVE = YES;
				CLANG_WARN_UNGUARDED_AVAILABILITY = YES_AGGRESSIVE;
				CLANG_WARN_UNREACHABLE_CODE = YES;
				CLANG_WARN__DUPLICATE_METHOD_MATCH = YES;
				COPY_PHASE_STRIP = NO;
				DEBUG_INFORMATION_FORMAT = "dwarf-with-dsym";
				ENABLE_NS_ASSERTIONS = NO;
				ENABLE_STRICT_OBJC_MSGSEND = YES;
				ENABLE_USER_SCRIPT_SANDBOXING = YES;
				GCC_C_LANGUAGE_STANDARD = gnu17;
				GCC_NO_COMMON_BLOCKS = YES;
				GCC_WARN_64_TO_32_BIT_CONVERSION = YES;
				GCC_WARN_ABOUT_RETURN_TYPE = YES_ERROR;
				GCC_WARN_UNDECLARED_SELECTOR = YES;
				GCC_WARN_UNINITIALIZED_AUTOS = YES_AGGRESSIVE;
				GCC_WARN_UNUSED_FUNCTION = YES;
				GCC_WARN_UNUSED_VARIABLE = YES;
				IPHONEOS_DEPLOYMENT_TARGET = 16.0;
				LOCALIZATION_PREFERS_STRING_CATALOGS = YES;
				MTL_ENABLE_DEBUG_INFO = NO;
				MTL_FAST_MATH = YES;
				SDKROOT = iphoneos;
				SWIFT_COMPILATION_MODE = wholemodule;
				VALIDATE_PRODUCT = YES;
			};
			name = Release;
		};
		F16797BA2C4ED53B0060284E /* Debug */ = {
			isa = XCBuildConfiguration;
			buildSettings = {
				ASSETCATALOG_COMPILER_APPICON_NAME = AppIcon;
				ASSETCATALOG_COMPILER_GLOBAL_ACCENT_COLOR_NAME = AccentColor;
				CODE_SIGN_STYLE = Automatic;
				CURRENT_PROJECT_VERSION = 1;
				DEVELOPMENT_ASSET_PATHS = "\"DDROPP/Preview Content\"";
				DEVELOPMENT_TEAM = 23EJMT78LW;
				ENABLE_PREVIEWS = YES;
				GENERATE_INFOPLIST_FILE = YES;
				INFOPLIST_FILE = DDROPP/Info.plist;
				INFOPLIST_KEY_UIApplicationSceneManifest_Generation = YES;
				INFOPLIST_KEY_UIApplicationSupportsIndirectInputEvents = YES;
				INFOPLIST_KEY_UILaunchScreen_Generation = YES;
				INFOPLIST_KEY_UISupportedInterfaceOrientations = UIInterfaceOrientationPortrait;
				LD_RUNPATH_SEARCH_PATHS = (
					"$(inherited)",
					"@executable_path/Frameworks",
				);
				MARKETING_VERSION = 1.0;
				PRODUCT_BUNDLE_IDENTIFIER = Drop.DDROPP;
				PRODUCT_NAME = "$(TARGET_NAME)";
				SWIFT_EMIT_LOC_STRINGS = YES;
				SWIFT_VERSION = 5.0;
				TARGETED_DEVICE_FAMILY = "1,2";
			};
			name = Debug;
		};
		F16797BB2C4ED53B0060284E /* Release */ = {
			isa = XCBuildConfiguration;
			buildSettings = {
				ASSETCATALOG_COMPILER_APPICON_NAME = AppIcon;
				ASSETCATALOG_COMPILER_GLOBAL_ACCENT_COLOR_NAME = AccentColor;
				CODE_SIGN_STYLE = Automatic;
				CURRENT_PROJECT_VERSION = 1;
				DEVELOPMENT_ASSET_PATHS = "\"DDROPP/Preview Content\"";
				DEVELOPMENT_TEAM = 23EJMT78LW;
				ENABLE_PREVIEWS = YES;
				GENERATE_INFOPLIST_FILE = YES;
				INFOPLIST_FILE = DDROPP/Info.plist;
				INFOPLIST_KEY_UIApplicationSceneManifest_Generation = YES;
				INFOPLIST_KEY_UIApplicationSupportsIndirectInputEvents = YES;
				INFOPLIST_KEY_UILaunchScreen_Generation = YES;
				INFOPLIST_KEY_UISupportedInterfaceOrientations = UIInterfaceOrientationPortrait;
				LD_RUNPATH_SEARCH_PATHS = (
					"$(inherited)",
					"@executable_path/Frameworks",
				);
				MARKETING_VERSION = 1.0;
				PRODUCT_BUNDLE_IDENTIFIER = Drop.DDROPP;
				PRODUCT_NAME = "$(TARGET_NAME)";
				SWIFT_EMIT_LOC_STRINGS = YES;
				SWIFT_VERSION = 5.0;
				TARGETED_DEVICE_FAMILY = "1,2";
			};
			name = Release;
		};
		F16797BD2C4ED53B0060284E /* Debug */ = {
			isa = XCBuildConfiguration;
			buildSettings = {
				ALWAYS_EMBED_SWIFT_STANDARD_LIBRARIES = YES;
				BUNDLE_LOADER = "$(TEST_HOST)";
				CODE_SIGN_STYLE = Automatic;
				CURRENT_PROJECT_VERSION = 1;
				DEVELOPMENT_TEAM = Y77G96KM25;
				GENERATE_INFOPLIST_FILE = YES;
				IPHONEOS_DEPLOYMENT_TARGET = 17.5;
				MARKETING_VERSION = 1.0;
				PRODUCT_BUNDLE_IDENTIFIER = Drop.DDROPPTests;
				PRODUCT_NAME = "$(TARGET_NAME)";
				SWIFT_EMIT_LOC_STRINGS = NO;
				SWIFT_VERSION = 5.0;
				TARGETED_DEVICE_FAMILY = "1,2";
				TEST_HOST = "$(BUILT_PRODUCTS_DIR)/DDROPP.app/$(BUNDLE_EXECUTABLE_FOLDER_PATH)/DDROPP";
			};
			name = Debug;
		};
		F16797BE2C4ED53B0060284E /* Release */ = {
			isa = XCBuildConfiguration;
			buildSettings = {
				ALWAYS_EMBED_SWIFT_STANDARD_LIBRARIES = YES;
				BUNDLE_LOADER = "$(TEST_HOST)";
				CODE_SIGN_STYLE = Automatic;
				CURRENT_PROJECT_VERSION = 1;
				DEVELOPMENT_TEAM = Y77G96KM25;
				GENERATE_INFOPLIST_FILE = YES;
				IPHONEOS_DEPLOYMENT_TARGET = 17.5;
				MARKETING_VERSION = 1.0;
				PRODUCT_BUNDLE_IDENTIFIER = Drop.DDROPPTests;
				PRODUCT_NAME = "$(TARGET_NAME)";
				SWIFT_EMIT_LOC_STRINGS = NO;
				SWIFT_VERSION = 5.0;
				TARGETED_DEVICE_FAMILY = "1,2";
				TEST_HOST = "$(BUILT_PRODUCTS_DIR)/DDROPP.app/$(BUNDLE_EXECUTABLE_FOLDER_PATH)/DDROPP";
			};
			name = Release;
		};
/* End XCBuildConfiguration section */

/* Begin XCConfigurationList section */
		F16797902C4ED53A0060284E /* Build configuration list for PBXProject "DDROPP" */ = {
			isa = XCConfigurationList;
			buildConfigurations = (
				F16797B72C4ED53B0060284E /* Debug */,
				F16797B82C4ED53B0060284E /* Release */,
			);
			defaultConfigurationIsVisible = 0;
			defaultConfigurationName = Release;
		};
		F16797B92C4ED53B0060284E /* Build configuration list for PBXNativeTarget "DDROPP" */ = {
			isa = XCConfigurationList;
			buildConfigurations = (
				F16797BA2C4ED53B0060284E /* Debug */,
				F16797BB2C4ED53B0060284E /* Release */,
			);
			defaultConfigurationIsVisible = 0;
			defaultConfigurationName = Release;
		};
		F16797BC2C4ED53B0060284E /* Build configuration list for PBXNativeTarget "DDROPPTests" */ = {
			isa = XCConfigurationList;
			buildConfigurations = (
				F16797BD2C4ED53B0060284E /* Debug */,
				F16797BE2C4ED53B0060284E /* Release */,
			);
			defaultConfigurationIsVisible = 0;
			defaultConfigurationName = Release;
		};
/* End XCConfigurationList section */

/* Begin XCRemoteSwiftPackageReference section */
		F1D32AC52C4F0510001811F3 /* XCRemoteSwiftPackageReference "RxSwift" */ = {
			isa = XCRemoteSwiftPackageReference;
			repositoryURL = "https://github.com/ReactiveX/RxSwift";
			requirement = {
				kind = exactVersion;
				version = 6.7.1;
			};
		};
		F1D32AD52C4F0CD7001811F3 /* XCRemoteSwiftPackageReference "Kingfisher" */ = {
			isa = XCRemoteSwiftPackageReference;
			repositoryURL = "https://github.com/onevcat/Kingfisher";
			requirement = {
				kind = exactVersion;
				version = 7.12.0;
			};
		};
/* End XCRemoteSwiftPackageReference section */

/* Begin XCSwiftPackageProductDependency section */
		F1D32AC62C4F0510001811F3 /* RxSwift */ = {
			isa = XCSwiftPackageProductDependency;
			package = F1D32AC52C4F0510001811F3 /* XCRemoteSwiftPackageReference "RxSwift" */;
			productName = RxSwift;
		};
		F1D32AD62C4F0CD7001811F3 /* Kingfisher */ = {
			isa = XCSwiftPackageProductDependency;
			package = F1D32AD52C4F0CD7001811F3 /* XCRemoteSwiftPackageReference "Kingfisher" */;
			productName = Kingfisher;
		};
		F1D32B012C4FF97F001811F3 /* RxBlocking */ = {
			isa = XCSwiftPackageProductDependency;
			package = F1D32AC52C4F0510001811F3 /* XCRemoteSwiftPackageReference "RxSwift" */;
			productName = RxBlocking;
		};
		F1D32B032C4FF97F001811F3 /* RxTest */ = {
			isa = XCSwiftPackageProductDependency;
			package = F1D32AC52C4F0510001811F3 /* XCRemoteSwiftPackageReference "RxSwift" */;
			productName = RxTest;
		};
/* End XCSwiftPackageProductDependency section */
	};
	rootObject = F167978D2C4ED53A0060284E /* Project object */;
}
